// !$*UTF8*$!
{
	archiveVersion = 1;
	classes = {
	};
	objectVersion = 46;
	objects = {

/* Begin PBXBuildFile section */
		3941A8051B6313E600AFA3A2 /* PlaySoundsViewController.swift in Sources */ = {isa = PBXBuildFile; fileRef = 3941A8041B6313E600AFA3A2 /* PlaySoundsViewController.swift */; };
		3941A8071B645A8E00AFA3A2 /* movie_quote.mp3 in Resources */ = {isa = PBXBuildFile; fileRef = 3941A8061B645A8E00AFA3A2 /* movie_quote.mp3 */; };
		39531C311B5DAABC00CC4BC9 /* AppDelegate.swift in Sources */ = {isa = PBXBuildFile; fileRef = 39531C301B5DAABC00CC4BC9 /* AppDelegate.swift */; };
		39531C331B5DAABC00CC4BC9 /* RecordSoundsViewController.swift in Sources */ = {isa = PBXBuildFile; fileRef = 39531C321B5DAABC00CC4BC9 /* RecordSoundsViewController.swift */; };
		39531C361B5DAABC00CC4BC9 /* Main.storyboard in Resources */ = {isa = PBXBuildFile; fileRef = 39531C341B5DAABC00CC4BC9 /* Main.storyboard */; };
		39531C381B5DAABC00CC4BC9 /* Images.xcassets in Resources */ = {isa = PBXBuildFile; fileRef = 39531C371B5DAABC00CC4BC9 /* Images.xcassets */; };
		39531C3B1B5DAABC00CC4BC9 /* LaunchScreen.xib in Resources */ = {isa = PBXBuildFile; fileRef = 39531C391B5DAABC00CC4BC9 /* LaunchScreen.xib */; };
		39531C471B5DAABC00CC4BC9 /* Pitch_PerfectTests.swift in Sources */ = {isa = PBXBuildFile; fileRef = 39531C461B5DAABC00CC4BC9 /* Pitch_PerfectTests.swift */; };
		398BEA7A1B6AED690073AD9B /* RecordedAudio.swift in Sources */ = {isa = PBXBuildFile; fileRef = 398BEA791B6AED690073AD9B /* RecordedAudio.swift */; };
/* End PBXBuildFile section */

/* Begin PBXContainerItemProxy section */
		39531C411B5DAABC00CC4BC9 /* PBXContainerItemProxy */ = {
			isa = PBXContainerItemProxy;
			containerPortal = 39531C231B5DAABB00CC4BC9 /* Project object */;
			proxyType = 1;
			remoteGlobalIDString = 39531C2A1B5DAABC00CC4BC9;
			remoteInfo = "Pitch Perfect";
		};
/* End PBXContainerItemProxy section */

/* Begin PBXFileReference section */
		3941A8041B6313E600AFA3A2 /* PlaySoundsViewController.swift */ = {isa = PBXFileReference; fileEncoding = 4; lastKnownFileType = sourcecode.swift; path = PlaySoundsViewController.swift; sourceTree = "<group>"; };
		3941A8061B645A8E00AFA3A2 /* movie_quote.mp3 */ = {isa = PBXFileReference; lastKnownFileType = audio.mp3; path = movie_quote.mp3; sourceTree = "<group>"; };
		39531C2B1B5DAABC00CC4BC9 /* Pitch Perfect.app */ = {isa = PBXFileReference; explicitFileType = wrapper.application; includeInIndex = 0; path = "Pitch Perfect.app"; sourceTree = BUILT_PRODUCTS_DIR; };
		39531C2F1B5DAABC00CC4BC9 /* Info.plist */ = {isa = PBXFileReference; lastKnownFileType = text.plist.xml; path = Info.plist; sourceTree = "<group>"; };
		39531C301B5DAABC00CC4BC9 /* AppDelegate.swift */ = {isa = PBXFileReference; lastKnownFileType = sourcecode.swift; path = AppDelegate.swift; sourceTree = "<group>"; };
		39531C321B5DAABC00CC4BC9 /* RecordSoundsViewController.swift */ = {isa = PBXFileReference; lastKnownFileType = sourcecode.swift; path = RecordSoundsViewController.swift; sourceTree = "<group>"; };
		39531C351B5DAABC00CC4BC9 /* Base */ = {isa = PBXFileReference; lastKnownFileType = file.storyboard; name = Base; path = Base.lproj/Main.storyboard; sourceTree = "<group>"; };
		39531C371B5DAABC00CC4BC9 /* Images.xcassets */ = {isa = PBXFileReference; lastKnownFileType = folder.assetcatalog; path = Images.xcassets; sourceTree = "<group>"; };
		39531C3A1B5DAABC00CC4BC9 /* Base */ = {isa = PBXFileReference; lastKnownFileType = file.xib; name = Base; path = Base.lproj/LaunchScreen.xib; sourceTree = "<group>"; };
		39531C401B5DAABC00CC4BC9 /* Pitch PerfectTests.xctest */ = {isa = PBXFileReference; explicitFileType = wrapper.cfbundle; includeInIndex = 0; path = "Pitch PerfectTests.xctest"; sourceTree = BUILT_PRODUCTS_DIR; };
		39531C451B5DAABC00CC4BC9 /* Info.plist */ = {isa = PBXFileReference; lastKnownFileType = text.plist.xml; path = Info.plist; sourceTree = "<group>"; };
		39531C461B5DAABC00CC4BC9 /* Pitch_PerfectTests.swift */ = {isa = PBXFileReference; lastKnownFileType = sourcecode.swift; path = Pitch_PerfectTests.swift; sourceTree = "<group>"; };
		398BEA791B6AED690073AD9B /* RecordedAudio.swift */ = {isa = PBXFileReference; fileEncoding = 4; lastKnownFileType = sourcecode.swift; path = RecordedAudio.swift; sourceTree = "<group>"; };
/* End PBXFileReference section */

/* Begin PBXFrameworksBuildPhase section */
		39531C281B5DAABC00CC4BC9 /* Frameworks */ = {
			isa = PBXFrameworksBuildPhase;
			buildActionMask = 2147483647;
			files = (
			);
			runOnlyForDeploymentPostprocessing = 0;
		};
		39531C3D1B5DAABC00CC4BC9 /* Frameworks */ = {
			isa = PBXFrameworksBuildPhase;
			buildActionMask = 2147483647;
			files = (
			);
			runOnlyForDeploymentPostprocessing = 0;
		};
/* End PBXFrameworksBuildPhase section */

/* Begin PBXGroup section */
		39531C221B5DAABB00CC4BC9 = {
			isa = PBXGroup;
			children = (
				39531C2D1B5DAABC00CC4BC9 /* Pitch Perfect */,
				39531C431B5DAABC00CC4BC9 /* Pitch PerfectTests */,
				39531C2C1B5DAABC00CC4BC9 /* Products */,
			);
			sourceTree = "<group>";
		};
		39531C2C1B5DAABC00CC4BC9 /* Products */ = {
			isa = PBXGroup;
			children = (
				39531C2B1B5DAABC00CC4BC9 /* Pitch Perfect.app */,
				39531C401B5DAABC00CC4BC9 /* Pitch PerfectTests.xctest */,
			);
			name = Products;
			sourceTree = "<group>";
		};
		39531C2D1B5DAABC00CC4BC9 /* Pitch Perfect */ = {
			isa = PBXGroup;
			children = (
				39531C301B5DAABC00CC4BC9 /* AppDelegate.swift */,
				39531C341B5DAABC00CC4BC9 /* Main.storyboard */,
				398BEA791B6AED690073AD9B /* RecordedAudio.swift */,
				39531C371B5DAABC00CC4BC9 /* Images.xcassets */,
				39531C391B5DAABC00CC4BC9 /* LaunchScreen.xib */,
				39531C2E1B5DAABC00CC4BC9 /* Supporting Files */,
				3941A8041B6313E600AFA3A2 /* PlaySoundsViewController.swift */,
				39531C321B5DAABC00CC4BC9 /* RecordSoundsViewController.swift */,
			);
			path = "Pitch Perfect";
			sourceTree = "<group>";
		};
		39531C2E1B5DAABC00CC4BC9 /* Supporting Files */ = {
			isa = PBXGroup;
			children = (
				3941A8061B645A8E00AFA3A2 /* movie_quote.mp3 */,
				39531C2F1B5DAABC00CC4BC9 /* Info.plist */,
			);
			name = "Supporting Files";
			sourceTree = "<group>";
		};
		39531C431B5DAABC00CC4BC9 /* Pitch PerfectTests */ = {
			isa = PBXGroup;
			children = (
				39531C461B5DAABC00CC4BC9 /* Pitch_PerfectTests.swift */,
				39531C441B5DAABC00CC4BC9 /* Supporting Files */,
			);
			path = "Pitch PerfectTests";
			sourceTree = "<group>";
		};
		39531C441B5DAABC00CC4BC9 /* Supporting Files */ = {
			isa = PBXGroup;
			children = (
				39531C451B5DAABC00CC4BC9 /* Info.plist */,
			);
			name = "Supporting Files";
			sourceTree = "<group>";
		};
/* End PBXGroup section */

/* Begin PBXNativeTarget section */
		39531C2A1B5DAABC00CC4BC9 /* Pitch Perfect */ = {
			isa = PBXNativeTarget;
			buildConfigurationList = 39531C4A1B5DAABC00CC4BC9 /* Build configuration list for PBXNativeTarget "Pitch Perfect" */;
			buildPhases = (
				39531C271B5DAABC00CC4BC9 /* Sources */,
				39531C281B5DAABC00CC4BC9 /* Frameworks */,
				39531C291B5DAABC00CC4BC9 /* Resources */,
			);
			buildRules = (
			);
			dependencies = (
			);
			name = "Pitch Perfect";
			productName = "Pitch Perfect";
			productReference = 39531C2B1B5DAABC00CC4BC9 /* Pitch Perfect.app */;
			productType = "com.apple.product-type.application";
		};
		39531C3F1B5DAABC00CC4BC9 /* Pitch PerfectTests */ = {
			isa = PBXNativeTarget;
			buildConfigurationList = 39531C4D1B5DAABC00CC4BC9 /* Build configuration list for PBXNativeTarget "Pitch PerfectTests" */;
			buildPhases = (
				39531C3C1B5DAABC00CC4BC9 /* Sources */,
				39531C3D1B5DAABC00CC4BC9 /* Frameworks */,
				39531C3E1B5DAABC00CC4BC9 /* Resources */,
			);
			buildRules = (
			);
			dependencies = (
				39531C421B5DAABC00CC4BC9 /* PBXTargetDependency */,
			);
			name = "Pitch PerfectTests";
			productName = "Pitch PerfectTests";
			productReference = 39531C401B5DAABC00CC4BC9 /* Pitch PerfectTests.xctest */;
			productType = "com.apple.product-type.bundle.unit-test";
		};
/* End PBXNativeTarget section */

/* Begin PBXProject section */
		39531C231B5DAABB00CC4BC9 /* Project object */ = {
			isa = PBXProject;
			attributes = {
				LastUpgradeCheck = 0640;
				ORGANIZATIONNAME = "Dillon Gitano";
				TargetAttributes = {
					39531C2A1B5DAABC00CC4BC9 = {
						CreatedOnToolsVersion = 6.4;
					};
					39531C3F1B5DAABC00CC4BC9 = {
						CreatedOnToolsVersion = 6.4;
						TestTargetID = 39531C2A1B5DAABC00CC4BC9;
					};
				};
			};
			buildConfigurationList = 39531C261B5DAABC00CC4BC9 /* Build configuration list for PBXProject "Pitch Perfect" */;
			compatibilityVersion = "Xcode 3.2";
			developmentRegion = English;
			hasScannedForEncodings = 0;
			knownRegions = (
				en,
				Base,
			);
			mainGroup = 39531C221B5DAABB00CC4BC9;
			productRefGroup = 39531C2C1B5DAABC00CC4BC9 /* Products */;
			projectDirPath = "";
			projectRoot = "";
			targets = (
				39531C2A1B5DAABC00CC4BC9 /* Pitch Perfect */,
				39531C3F1B5DAABC00CC4BC9 /* Pitch PerfectTests */,
			);
		};
/* End PBXProject section */

/* Begin PBXResourcesBuildPhase section */
		39531C291B5DAABC00CC4BC9 /* Resources */ = {
			isa = PBXResourcesBuildPhase;
			buildActionMask = 2147483647;
			files = (
				39531C361B5DAABC00CC4BC9 /* Main.storyboard in Resources */,
				39531C3B1B5DAABC00CC4BC9 /* LaunchScreen.xib in Resources */,
				3941A8071B645A8E00AFA3A2 /* movie_quote.mp3 in Resources */,
				39531C381B5DAABC00CC4BC9 /* Images.xcassets in Resources */,
			);
			runOnlyForDeploymentPostprocessing = 0;
		};
		39531C3E1B5DAABC00CC4BC9 /* Resources */ = {
			isa = PBXResourcesBuildPhase;
			buildActionMask = 2147483647;
			files = (
			);
			runOnlyForDeploymentPostprocessing = 0;
		};
/* End PBXResourcesBuildPhase section */

/* Begin PBXSourcesBuildPhase section */
		39531C271B5DAABC00CC4BC9 /* Sources */ = {
			isa = PBXSourcesBuildPhase;
			buildActionMask = 2147483647;
			files = (
				398BEA7A1B6AED690073AD9B /* RecordedAudio.swift in Sources */,
				39531C331B5DAABC00CC4BC9 /* RecordSoundsViewController.swift in Sources */,
				3941A8051B6313E600AFA3A2 /* PlaySoundsViewController.swift in Sources */,
				39531C311B5DAABC00CC4BC9 /* AppDelegate.swift in Sources */,
			);
			runOnlyForDeploymentPostprocessing = 0;
		};
		39531C3C1B5DAABC00CC4BC9 /* Sources */ = {
			isa = PBXSourcesBuildPhase;
			buildActionMask = 2147483647;
			files = (
				39531C471B5DAABC00CC4BC9 /* Pitch_PerfectTests.swift in Sources */,
			);
			runOnlyForDeploymentPostprocessing = 0;
		};
/* End PBXSourcesBuildPhase section */

/* Begin PBXTargetDependency section */
		39531C421B5DAABC00CC4BC9 /* PBXTargetDependency */ = {
			isa = PBXTargetDependency;
			target = 39531C2A1B5DAABC00CC4BC9 /* Pitch Perfect */;
			targetProxy = 39531C411B5DAABC00CC4BC9 /* PBXContainerItemProxy */;
		};
/* End PBXTargetDependency section */

/* Begin PBXVariantGroup section */
		39531C341B5DAABC00CC4BC9 /* Main.storyboard */ = {
			isa = PBXVariantGroup;
			children = (
				39531C351B5DAABC00CC4BC9 /* Base */,
			);
			name = Main.storyboard;
			sourceTree = "<group>";
		};
		39531C391B5DAABC00CC4BC9 /* LaunchScreen.xib */ = {
			isa = PBXVariantGroup;
			children = (
				39531C3A1B5DAABC00CC4BC9 /* Base */,
			);
			name = LaunchScreen.xib;
			sourceTree = "<group>";
		};
/* End PBXVariantGroup section */

/* Begin XCBuildConfiguration section */
		39531C481B5DAABC00CC4BC9 /* Debug */ = {
			isa = XCBuildConfiguration;
			buildSettings = {
				ALWAYS_SEARCH_USER_PATHS = NO;
				CLANG_CXX_LANGUAGE_STANDARD = "gnu++0x";
				CLANG_CXX_LIBRARY = "libc++";
				CLANG_ENABLE_MODULES = YES;
				CLANG_ENABLE_OBJC_ARC = YES;
				CLANG_WARN_BOOL_CONVERSION = YES;
				CLANG_WARN_CONSTANT_CONVERSION = YES;
				CLANG_WARN_DIRECT_OBJC_ISA_USAGE = YES_ERROR;
				CLANG_WARN_EMPTY_BODY = YES;
				CLANG_WARN_ENUM_CONVERSION = YES;
				CLANG_WARN_INT_CONVERSION = YES;
				CLANG_WARN_OBJC_ROOT_CLASS = YES_ERROR;
				CLANG_WARN_UNREACHABLE_CODE = YES;
				CLANG_WARN__DUPLICATE_METHOD_MATCH = YES;
				"CODE_SIGN_IDENTITY[sdk=iphoneos*]" = "iPhone Developer";
				COPY_PHASE_STRIP = NO;
				DEBUG_INFORMATION_FORMAT = "dwarf-with-dsym";
				ENABLE_STRICT_OBJC_MSGSEND = YES;
				GCC_C_LANGUAGE_STANDARD = gnu99;
				GCC_DYNAMIC_NO_PIC = NO;
				GCC_NO_COMMON_BLOCKS = YES;
				GCC_OPTIMIZATION_LEVEL = 0;
				GCC_PREPROCESSOR_DEFINITIONS = (
					"DEBUG=1",
					"$(inherited)",
				);
				GCC_SYMBOLS_PRIVATE_EXTERN = NO;
				GCC_WARN_64_TO_32_BIT_CONVERSION = YES;
				GCC_WARN_ABOUT_RETURN_TYPE = YES_ERROR;
				GCC_WARN_UNDECLARED_SELECTOR = YES;
				GCC_WARN_UNINITIALIZED_AUTOS = YES_AGGRESSIVE;
				GCC_WARN_UNUSED_FUNCTION = YES;
				GCC_WARN_UNUSED_VARIABLE = YES;
				IPHONEOS_DEPLOYMENT_TARGET = 8.4;
				MTL_ENABLE_DEBUG_INFO = YES;
				ONLY_ACTIVE_ARCH = YES;
				SDKROOT = iphoneos;
				SWIFT_OPTIMIZATION_LEVEL = "-Onone";
			};
			name = Debug;
		};
		39531C491B5DAABC00CC4BC9 /* Release */ = {
			isa = XCBuildConfiguration;
			buildSettings = {
				ALWAYS_SEARCH_USER_PATHS = NO;
				CLANG_CXX_LANGUAGE_STANDARD = "gnu++0x";
				CLANG_CXX_LIBRARY = "libc++";
				CLANG_ENABLE_MODULES = YES;
				CLANG_ENABLE_OBJC_ARC = YES;
				CLANG_WARN_BOOL_CONVERSION = YES;
				CLANG_WARN_CONSTANT_CONVERSION = YES;
				CLANG_WARN_DIRECT_OBJC_ISA_USAGE = YES_ERROR;
				CLANG_WARN_EMPTY_BODY = YES;
				CLANG_WARN_ENUM_CONVERSION = YES;
				CLANG_WARN_INT_CONVERSION = YES;
				CLANG_WARN_OBJC_ROOT_CLASS = YES_ERROR;
				CLANG_WARN_UNREACHABLE_CODE = YES;
				CLANG_WARN__DUPLICATE_METHOD_MATCH = YES;
				"CODE_SIGN_IDENTITY[sdk=iphoneos*]" = "iPhone Developer";
				COPY_PHASE_STRIP = NO;
				DEBUG_INFORMATION_FORMAT = "dwarf-with-dsym";
				ENABLE_NS_ASSERTIONS = NO;
				ENABLE_STRICT_OBJC_MSGSEND = YES;
				GCC_C_LANGUAGE_STANDARD = gnu99;
				GCC_NO_COMMON_BLOCKS = YES;
				GCC_WARN_64_TO_32_BIT_CONVERSION = YES;
				GCC_WARN_ABOUT_RETURN_TYPE = YES_ERROR;
				GCC_WARN_UNDECLARED_SELECTOR = YES;
				GCC_WARN_UNINITIALIZED_AUTOS = YES_AGGRESSIVE;
				GCC_WARN_UNUSED_FUNCTION = YES;
				GCC_WARN_UNUSED_VARIABLE = YES;
				IPHONEOS_DEPLOYMENT_TARGET = 8.4;
				MTL_ENABLE_DEBUG_INFO = NO;
				SDKROOT = iphoneos;
				VALIDATE_PRODUCT = YES;
			};
			name = Release;
		};
		39531C4B1B5DAABC00CC4BC9 /* Debug */ = {
			isa = XCBuildConfiguration;
			buildSettings = {
				ASSETCATALOG_COMPILER_APPICON_NAME = AppIcon;
				INFOPLIST_FILE = "Pitch Perfect/Info.plist";
				LD_RUNPATH_SEARCH_PATHS = "$(inherited) @executable_path/Frameworks";
				PRODUCT_NAME = "$(TARGET_NAME)";
			};
			name = Debug;
		};
		39531C4C1B5DAABC00CC4BC9 /* Release */ = {
			isa = XCBuildConfiguration;
			buildSettings = {
				ASSETCATALOG_COMPILER_APPICON_NAME = AppIcon;
				INFOPLIST_FILE = "Pitch Perfect/Info.plist";
				LD_RUNPATH_SEARCH_PATHS = "$(inherited) @executable_path/Frameworks";
				PRODUCT_NAME = "$(TARGET_NAME)";
			};
			name = Release;
		};
		39531C4E1B5DAABC00CC4BC9 /* Debug */ = {
			isa = XCBuildConfiguration;
			buildSettings = {
				BUNDLE_LOADER = "$(TEST_HOST)";
				FRAMEWORK_SEARCH_PATHS = (
					"$(SDKROOT)/Developer/Library/Frameworks",
					"$(inherited)",
				);
				GCC_PREPROCESSOR_DEFINITIONS = (
					"DEBUG=1",
					"$(inherited)",
				);
				INFOPLIST_FILE = "Pitch PerfectTests/Info.plist";
				LD_RUNPATH_SEARCH_PATHS = "$(inherited) @executable_path/Frameworks @loader_path/Frameworks";
				PRODUCT_NAME = "$(TARGET_NAME)";
				TEST_HOST = "$(BUILT_PRODUCTS_DIR)/Pitch Perfect.app/Pitch Perfect";
			};
			name = Debug;
		};
		39531C4F1B5DAABC00CC4BC9 /* Release */ = {
			isa = XCBuildConfiguration;
			buildSettings = {
				BUNDLE_LOADER = "$(TEST_HOST)";
				FRAMEWORK_SEARCH_PATHS = (
					"$(SDKROOT)/Developer/Library/Frameworks",
					"$(inherited)",
				);
				INFOPLIST_FILE = "Pitch PerfectTests/Info.plist";
				LD_RUNPATH_SEARCH_PATHS = "$(inherited) @executable_path/Frameworks @loader_path/Frameworks";
				PRODUCT_NAME = "$(TARGET_NAME)";
				TEST_HOST = "$(BUILT_PRODUCTS_DIR)/Pitch Perfect.app/Pitch Perfect";
			};
			name = Release;
		};
/* End XCBuildConfiguration section */

/* Begin XCConfigurationList section */
		39531C261B5DAABC00CC4BC9 /* Build configuration list for PBXProject "Pitch Perfect" */ = {
			isa = XCConfigurationList;
			buildConfigurations = (
				39531C481B5DAABC00CC4BC9 /* Debug */,
				39531C491B5DAABC00CC4BC9 /* Release */,
			);
			defaultConfigurationIsVisible = 0;
			defaultConfigurationName = Release;
		};
		39531C4A1B5DAABC00CC4BC9 /* Build configuration list for PBXNativeTarget "Pitch Perfect" */ = {
			isa = XCConfigurationList;
			buildConfigurations = (
				39531C4B1B5DAABC00CC4BC9 /* Debug */,
				39531C4C1B5DAABC00CC4BC9 /* Release */,
			);
			defaultConfigurationIsVisible = 0;
			defaultConfigurationName = Release;
		};
		39531C4D1B5DAABC00CC4BC9 /* Build configuration list for PBXNativeTarget "Pitch PerfectTests" */ = {
			isa = XCConfigurationList;
			buildConfigurations = (
				39531C4E1B5DAABC00CC4BC9 /* Debug */,
				39531C4F1B5DAABC00CC4BC9 /* Release */,
			);
			defaultConfigurationIsVisible = 0;
			defaultConfigurationName = Release;
		};
/* End XCConfigurationList section */
	};
	rootObject = 39531C231B5DAABB00CC4BC9 /* Project object */;
}
